Microsoft Visual Studio Solution File, Format Version 12.00
# Visual Studio 15
Project("{2150E333-8FDC-42A3-9474-1A3956D46DE8}") = "CMakePredefinedTargets", "CMakePredefinedTargets", "{4DADA935-B70C-3FBD-9DF4-C4A338BD0368}"
EndProject
Project("{2150E333-8FDC-42A3-9474-1A3956D46DE8}") = "Library", "Library", "{E8AEA363-2CC3-3AF5-BA20-0132F30FAD77}"
EndProject
Project("{2150E333-8FDC-42A3-9474-1A3956D46DE8}") = "Wrappers", "Wrappers", "{AC36DC11-1FFC-3381-B2FB-D6A0E5EB7298}"
EndProject
Project("{2150E333-8FDC-42A3-9474-1A3956D46DE8}") = "csharp", "Wrappers\csharp", "{EB123DCC-8C69-38B4-BF14-5B97358C00A9}"
EndProject
Project("{8BC9CEB8-8B4A-11D0-8D11-00A0C91BC942}") = "ALL_BUILD", "ALL_BUILD.vcxproj", "{0DBA9418-A7CB-31E2-9F56-D297798864DE}"
	ProjectSection(ProjectDependencies) = postProject
		{5FA1B1B6-49CE-3BEC-879E-9719EF64742F} = {5FA1B1B6-49CE-3BEC-879E-9719EF64742F}
		{352F76DC-0E8D-3763-A711-5AA8162BAF63} = {352F76DC-0E8D-3763-A711-5AA8162BAF63}
	EndProjectSection
EndProject
Project("{8BC9CEB8-8B4A-11D0-8D11-00A0C91BC942}") = "INSTALL", "INSTALL.vcxproj", "{86C2FE2C-3E83-3034-BEA8-43A21DDE97E1}"
	ProjectSection(ProjectDependencies) = postProject
		{0DBA9418-A7CB-31E2-9F56-D297798864DE} = {0DBA9418-A7CB-31E2-9F56-D297798864DE}
		{352F76DC-0E8D-3763-A711-5AA8162BAF63} = {352F76DC-0E8D-3763-A711-5AA8162BAF63}
	EndProjectSection
EndProject
Project("{FAE04EC0-301F-11D3-BF4B-00C04F79EFBC}") = "Intel.RealSense", "Intel.RealSense.csproj", "{5FA1B1B6-49CE-3BEC-879E-9719EF64742F}"
	ProjectSection(ProjectDependencies) = postProject
		{352F76DC-0E8D-3763-A711-5AA8162BAF63} = {352F76DC-0E8D-3763-A711-5AA8162BAF63}
		{D7DB6B0F-9FEB-3D6F-9B54-BE137F31A5CE} = {D7DB6B0F-9FEB-3D6F-9B54-BE137F31A5CE}
	EndProjectSection
EndProject
Project("{8BC9CEB8-8B4A-11D0-8D11-00A0C91BC942}") = "ZERO_CHECK", "..\..\..\\ZERO_CHECK.vcxproj", "{352F76DC-0E8D-3763-A711-5AA8162BAF63}"
	ProjectSection(ProjectDependencies) = postProject
	EndProjectSection
EndProject
Project("{8BC9CEB8-8B4A-11D0-8D11-00A0C91BC942}") = "realsense-file", "..\..\..\third-party\realsense-file\realsense-file.vcxproj", "{A1F06D2E-1C6E-3D29-BB98-06BD6972128A}"
	ProjectSection(ProjectDependencies) = postProject
		{352F76DC-0E8D-3763-A711-5AA8162BAF63} = {352F76DC-0E8D-3763-A711-5AA8162BAF63}
	EndProjectSection
EndProject
Project("{8BC9CEB8-8B4A-11D0-8D11-00A0C91BC942}") = "realsense2", "..\..\..\\realsense2.vcxproj", "{D7DB6B0F-9FEB-3D6F-9B54-BE137F31A5CE}"
	ProjectSection(ProjectDependencies) = postProject
		{352F76DC-0E8D-3763-A711-5AA8162BAF63} = {352F76DC-0E8D-3763-A711-5AA8162BAF63}
		{A1F06D2E-1C6E-3D29-BB98-06BD6972128A} = {A1F06D2E-1C6E-3D29-BB98-06BD6972128A}
	EndProjectSection
EndProject
Global
	GlobalSection(SolutionConfigurationPlatforms) = preSolution
		Debug|Win32 = Debug|Win32
		Release|Win32 = Release|Win32
		MinSizeRel|Win32 = MinSizeRel|Win32
		RelWithDebInfo|Win32 = RelWithDebInfo|Win32
	EndGlobalSection
	GlobalSection(ProjectConfigurationPlatforms) = postSolution
		{0DBA9418-A7CB-31E2-9F56-D297798864DE}.Debug|Win32.ActiveCfg = Debug|Win32
		{0DBA9418-A7CB-31E2-9F56-D297798864DE}.Debug|Win32.Build.0 = Debug|Win32
		{0DBA9418-A7CB-31E2-9F56-D297798864DE}.Release|Win32.ActiveCfg = Release|Win32
		{0DBA9418-A7CB-31E2-9F56-D297798864DE}.Release|Win32.Build.0 = Release|Win32
		{0DBA9418-A7CB-31E2-9F56-D297798864DE}.MinSizeRel|Win32.ActiveCfg = MinSizeRel|Win32
		{0DBA9418-A7CB-31E2-9F56-D297798864DE}.MinSizeRel|Win32.Build.0 = MinSizeRel|Win32
		{0DBA9418-A7CB-31E2-9F56-D297798864DE}.RelWithDebInfo|Win32.ActiveCfg = RelWithDebInfo|Win32
		{0DBA9418-A7CB-31E2-9F56-D297798864DE}.RelWithDebInfo|Win32.Build.0 = RelWithDebInfo|Win32
		{86C2FE2C-3E83-3034-BEA8-43A21DDE97E1}.Debug|Win32.ActiveCfg = Debug|Win32
		{86C2FE2C-3E83-3034-BEA8-43A21DDE97E1}.Release|Win32.ActiveCfg = Release|Win32
		{86C2FE2C-3E83-3034-BEA8-43A21DDE97E1}.MinSizeRel|Win32.ActiveCfg = MinSizeRel|Win32
		{86C2FE2C-3E83-3034-BEA8-43A21DDE97E1}.RelWithDebInfo|Win32.ActiveCfg = RelWithDebInfo|Win32
		{5FA1B1B6-49CE-3BEC-879E-9719EF64742F}.Debug|Win32.ActiveCfg = Debug|Win32
		{5FA1B1B6-49CE-3BEC-879E-9719EF64742F}.Debug|Win32.Build.0 = Debug|Win32
		{5FA1B1B6-49CE-3BEC-879E-9719EF64742F}.Release|Win32.ActiveCfg = Release|Win32
		{5FA1B1B6-49CE-3BEC-879E-9719EF64742F}.Release|Win32.Build.0 = Release|Win32
		{5FA1B1B6-49CE-3BEC-879E-9719EF64742F}.MinSizeRel|Win32.ActiveCfg = MinSizeRel|Win32
		{5FA1B1B6-49CE-3BEC-879E-9719EF64742F}.MinSizeRel|Win32.Build.0 = MinSizeRel|Win32
		{5FA1B1B6-49CE-3BEC-879E-9719EF64742F}.RelWithDebInfo|Win32.ActiveCfg = RelWithDebInfo|Win32
		{5FA1B1B6-49CE-3BEC-879E-9719EF64742F}.RelWithDebInfo|Win32.Build.0 = RelWithDebInfo|Win32
		{352F76DC-0E8D-3763-A711-5AA8162BAF63}.Debug|Win32.ActiveCfg = Debug|Win32
		{352F76DC-0E8D-3763-A711-5AA8162BAF63}.Debug|Win32.Build.0 = Debug|Win32
		{352F76DC-0E8D-3763-A711-5AA8162BAF63}.Release|Win32.ActiveCfg = Release|Win32
		{352F76DC-0E8D-3763-A711-5AA8162BAF63}.Release|Win32.Build.0 = Release|Win32
		{352F76DC-0E8D-3763-A711-5AA8162BAF63}.MinSizeRel|Win32.ActiveCfg = MinSizeRel|Win32
		{352F76DC-0E8D-3763-A711-5AA8162BAF63}.MinSizeRel|Win32.Build.0 = MinSizeRel|Win32
		{352F76DC-0E8D-3763-A711-5AA8162BAF63}.RelWithDebInfo|Win32.ActiveCfg = RelWithDebInfo|Win32
		{352F76DC-0E8D-3763-A711-5AA8162BAF63}.RelWithDebInfo|Win32.Build.0 = RelWithDebInfo|Win32
		{A1F06D2E-1C6E-3D29-BB98-06BD6972128A}.Debug|Win32.ActiveCfg = Debug|Win32
		{A1F06D2E-1C6E-3D29-BB98-06BD6972128A}.Debug|Win32.Build.0 = Debug|Win32
		{A1F06D2E-1C6E-3D29-BB98-06BD6972128A}.Release|Win32.ActiveCfg = Release|Win32
		{A1F06D2E-1C6E-3D29-BB98-06BD6972128A}.Release|Win32.Build.0 = Release|Win32
		{A1F06D2E-1C6E-3D29-BB98-06BD6972128A}.MinSizeRel|Win32.ActiveCfg = MinSizeRel|Win32
		{A1F06D2E-1C6E-3D29-BB98-06BD6972128A}.MinSizeRel|Win32.Build.0 = MinSizeRel|Win32
		{A1F06D2E-1C6E-3D29-BB98-06BD6972128A}.RelWithDebInfo|Win32.ActiveCfg = RelWithDebInfo|Win32
		{A1F06D2E-1C6E-3D29-BB98-06BD6972128A}.RelWithDebInfo|Win32.Build.0 = RelWithDebInfo|Win32
		{D7DB6B0F-9FEB-3D6F-9B54-BE137F31A5CE}.Debug|Win32.ActiveCfg = Debug|Win32
		{D7DB6B0F-9FEB-3D6F-9B54-BE137F31A5CE}.Debug|Win32.Build.0 = Debug|Win32
		{D7DB6B0F-9FEB-3D6F-9B54-BE137F31A5CE}.Release|Win32.ActiveCfg = Release|Win32
		{D7DB6B0F-9FEB-3D6F-9B54-BE137F31A5CE}.Release|Win32.Build.0 = Release|Win32
		{D7DB6B0F-9FEB-3D6F-9B54-BE137F31A5CE}.MinSizeRel|Win32.ActiveCfg = MinSizeRel|Win32
		{D7DB6B0F-9FEB-3D6F-9B54-BE137F31A5CE}.MinSizeRel|Win32.Build.0 = MinSizeRel|Win32
		{D7DB6B0F-9FEB-3D6F-9B54-BE137F31A5CE}.RelWithDebInfo|Win32.ActiveCfg = RelWithDebInfo|Win32
		{D7DB6B0F-9FEB-3D6F-9B54-BE137F31A5CE}.RelWithDebInfo|Win32.Build.0 = RelWithDebInfo|Win32
	EndGlobalSection
	GlobalSection(NestedProjects) = preSolution
		{0DBA9418-A7CB-31E2-9F56-D297798864DE} = {4DADA935-B70C-3FBD-9DF4-C4A338BD0368}
		{86C2FE2C-3E83-3034-BEA8-43A21DDE97E1} = {4DADA935-B70C-3FBD-9DF4-C4A338BD0368}
		{352F76DC-0E8D-3763-A711-5AA8162BAF63} = {4DADA935-B70C-3FBD-9DF4-C4A338BD0368}
		{A1F06D2E-1C6E-3D29-BB98-06BD6972128A} = {E8AEA363-2CC3-3AF5-BA20-0132F30FAD77}
		{D7DB6B0F-9FEB-3D6F-9B54-BE137F31A5CE} = {E8AEA363-2CC3-3AF5-BA20-0132F30FAD77}
		{EB123DCC-8C69-38B4-BF14-5B97358C00A9} = {AC36DC11-1FFC-3381-B2FB-D6A0E5EB7298}
		{5FA1B1B6-49CE-3BEC-879E-9719EF64742F} = {EB123DCC-8C69-38B4-BF14-5B97358C00A9}
	EndGlobalSection
	GlobalSection(ExtensibilityGlobals) = postSolution
		SolutionGuid = {80B3F827-D2A9-358F-B3A2-EC038F005726}
	EndGlobalSection
	GlobalSection(ExtensibilityAddIns) = postSolution
	EndGlobalSection
EndGlobal
